
Microsoft Visual Studio Solution File, Format Version 10.00
# Visual Studio 2008
Project("{8BC9CEB8-8B4A-11D0-8D11-00A0C91BC942}") = "dat2inp", "dat2inp.vcproj", "{B96530C7-5C80-40E9-84F6-E1B687EB8F18}"
EndProject
Global
	GlobalSection(SolutionConfigurationPlatforms) = preSolution
		Debug|Win32 = Debug|Win32
		Release|Win32 = Release|Win32
	EndGlobalSection
	GlobalSection(ProjectConfigurationPlatforms) = postSolution
		{B96530C7-5C80-40E9-84F6-E1B687EB8F18}.Debug|Win32.ActiveCfg = Debug|Win32
		{B96530C7-5C80-40E9-84F6-E1B687EB8F18}.Debug|Win32.Build.0 = Debug|Win32
		{B96530C7-5C80-40E9-84F6-E1B687EB8F18}.Release|Win32.ActiveCfg = Release|Win32
		{B96530C7-5C80-40E9-84F6-E1B687EB8F18}.Release|Win32.Build.0 = Release|Win32
	EndGlobalSection
	GlobalSection(SolutionProperties) = preSolution
		HideSolutionNode = FALSE
	EndGlobalSection
EndGlobal
